# This file is automatically @generated by Cargo.
# It is not intended for manual editing.
version = 3

[[package]]
name = "camino"
version = "1.1.7"
source = "registry+https://github.com/rust-lang/crates.io-index"
checksum = "e0ec6b951b160caa93cc0c7b209e5a3bff7aae9062213451ac99493cd844c239"

[[package]]
name = "click_ward"
version = "0.1.0"
dependencies = [
 "camino",
]
